// !$*UTF8*$!
{
	archiveVersion = 1;
	classes = {
	};
	objectVersion = 50;
	objects = {

/* Begin PBXBuildFile section */
		04F3DE1F27134B1D0084AB61 /* Task02App.swift in Sources */ = {isa = PBXBuildFile; fileRef = 04F3DE1E27134B1D0084AB61 /* Task02App.swift */; };
		04F3DE2127134B1D0084AB61 /* ContentView.swift in Sources */ = {isa = PBXBuildFile; fileRef = 04F3DE2027134B1D0084AB61 /* ContentView.swift */; };
		04F3DE2327134B1E0084AB61 /* Assets.xcassets in Resources */ = {isa = PBXBuildFile; fileRef = 04F3DE2227134B1E0084AB61 /* Assets.xcassets */; };
		04F3DE2627134B1E0084AB61 /* Preview Assets.xcassets in Resources */ = {isa = PBXBuildFile; fileRef = 04F3DE2527134B1E0084AB61 /* Preview Assets.xcassets */; };
		04F3DE4527136FCC0084AB61 /* ButtonRow.swift in Sources */ = {isa = PBXBuildFile; fileRef = 04F3DE4427136FCC0084AB61 /* ButtonRow.swift */; };
		04F3DE522713737F0084AB61 /* dtmf_1.mp3 in Resources */ = {isa = PBXBuildFile; fileRef = 04F3DE512713737F0084AB61 /* dtmf_1.mp3 */; };
		04F3DE56271376070084AB61 /* PlayerViewModel.swift in Sources */ = {isa = PBXBuildFile; fileRef = 04F3DE55271376070084AB61 /* PlayerViewModel.swift */; };
		04F3DE75271380860084AB61 /* HoverButton.swift in Sources */ = {isa = PBXBuildFile; fileRef = 04F3DE74271380860084AB61 /* HoverButton.swift */; };
		04F3DE79271381600084AB61 /* Constants.swift in Sources */ = {isa = PBXBuildFile; fileRef = 04F3DE78271381600084AB61 /* Constants.swift */; };
/* End PBXBuildFile section */

/* Begin PBXFileReference section */
		04F3DE1B27134B1D0084AB61 /* Task02.app */ = {isa = PBXFileReference; explicitFileType = wrapper.application; includeInIndex = 0; path = Task02.app; sourceTree = BUILT_PRODUCTS_DIR; };
		04F3DE1E27134B1D0084AB61 /* Task02App.swift */ = {isa = PBXFileReference; lastKnownFileType = sourcecode.swift; path = Task02App.swift; sourceTree = "<group>"; };
		04F3DE2027134B1D0084AB61 /* ContentView.swift */ = {isa = PBXFileReference; lastKnownFileType = sourcecode.swift; path = ContentView.swift; sourceTree = "<group>"; };
		04F3DE2227134B1E0084AB61 /* Assets.xcassets */ = {isa = PBXFileReference; lastKnownFileType = folder.assetcatalog; path = Assets.xcassets; sourceTree = "<group>"; };
		04F3DE2527134B1E0084AB61 /* Preview Assets.xcassets */ = {isa = PBXFileReference; lastKnownFileType = folder.assetcatalog; path = "Preview Assets.xcassets"; sourceTree = "<group>"; };
		04F3DE2727134B1E0084AB61 /* Info.plist */ = {isa = PBXFileReference; lastKnownFileType = text.plist.xml; path = Info.plist; sourceTree = "<group>"; };
		04F3DE4427136FCC0084AB61 /* ButtonRow.swift */ = {isa = PBXFileReference; lastKnownFileType = sourcecode.swift; path = ButtonRow.swift; sourceTree = "<group>"; };
		04F3DE512713737F0084AB61 /* dtmf_1.mp3 */ = {isa = PBXFileReference; lastKnownFileType = audio.mp3; path = dtmf_1.mp3; sourceTree = "<group>"; };
		04F3DE55271376070084AB61 /* PlayerViewModel.swift */ = {isa = PBXFileReference; lastKnownFileType = sourcecode.swift; path = PlayerViewModel.swift; sourceTree = "<group>"; };
		04F3DE74271380860084AB61 /* HoverButton.swift */ = {isa = PBXFileReference; lastKnownFileType = sourcecode.swift; path = HoverButton.swift; sourceTree = "<group>"; };
		04F3DE78271381600084AB61 /* Constants.swift */ = {isa = PBXFileReference; lastKnownFileType = sourcecode.swift; path = Constants.swift; sourceTree = "<group>"; };
/* End PBXFileReference section */

/* Begin PBXFrameworksBuildPhase section */
		04F3DE1827134B1D0084AB61 /* Frameworks */ = {
			isa = PBXFrameworksBuildPhase;
			buildActionMask = 2147483647;
			files = (
			);
			runOnlyForDeploymentPostprocessing = 0;
		};
/* End PBXFrameworksBuildPhase section */

/* Begin PBXGroup section */
		04F3DE1227134B1D0084AB61 = {
			isa = PBXGroup;
			children = (
				04F3DE1D27134B1D0084AB61 /* Task02 */,
				04F3DE1C27134B1D0084AB61 /* Products */,
			);
			sourceTree = "<group>";
		};
		04F3DE1C27134B1D0084AB61 /* Products */ = {
			isa = PBXGroup;
			children = (
				04F3DE1B27134B1D0084AB61 /* Task02.app */,
			);
			name = Products;
			sourceTree = "<group>";
		};
		04F3DE1D27134B1D0084AB61 /* Task02 */ = {
			isa = PBXGroup;
			children = (
				04F3DE1E27134B1D0084AB61 /* Task02App.swift */,
				04F3DE4327136FAC0084AB61 /* Views */,
				04F3DE3A27136F2B0084AB61 /* Model */,
				04F3DE4A271371790084AB61 /* Audio File */,
				04F3DE2227134B1E0084AB61 /* Assets.xcassets */,
				04F3DE2727134B1E0084AB61 /* Info.plist */,
				04F3DE2427134B1E0084AB61 /* Preview Content */,
				04F3DE78271381600084AB61 /* Constants.swift */,
			);
			path = Task02;
			sourceTree = "<group>";
		};
		04F3DE2427134B1E0084AB61 /* Preview Content */ = {
			isa = PBXGroup;
			children = (
				04F3DE2527134B1E0084AB61 /* Preview Assets.xcassets */,
			);
			path = "Preview Content";
			sourceTree = "<group>";
		};
		04F3DE3A27136F2B0084AB61 /* Model */ = {
			isa = PBXGroup;
			children = (
				04F3DE55271376070084AB61 /* PlayerViewModel.swift */,
			);
			path = Model;
			sourceTree = "<group>";
		};
		04F3DE4327136FAC0084AB61 /* Views */ = {
			isa = PBXGroup;
			children = (
				04F3DE2027134B1D0084AB61 /* ContentView.swift */,
				04F3DE4427136FCC0084AB61 /* ButtonRow.swift */,
				04F3DE74271380860084AB61 /* HoverButton.swift */,
			);
			path = Views;
			sourceTree = "<group>";
		};
		04F3DE4A271371790084AB61 /* Audio File */ = {
			isa = PBXGroup;
			children = (
				04F3DE512713737F0084AB61 /* dtmf_1.mp3 */,
			);
			path = "Audio File";
			sourceTree = "<group>";
		};
/* End PBXGroup section */

/* Begin PBXNativeTarget section */
		04F3DE1A27134B1D0084AB61 /* Task02 */ = {
			isa = PBXNativeTarget;
			buildConfigurationList = 04F3DE2A27134B1E0084AB61 /* Build configuration list for PBXNativeTarget "Task02" */;
			buildPhases = (
				04F3DE1727134B1D0084AB61 /* Sources */,
				04F3DE1827134B1D0084AB61 /* Frameworks */,
				04F3DE1927134B1D0084AB61 /* Resources */,
			);
			buildRules = (
			);
			dependencies = (
			);
			name = Task02;
			productName = Task01;
			productReference = 04F3DE1B27134B1D0084AB61 /* Task02.app */;
			productType = "com.apple.product-type.application";
		};
/* End PBXNativeTarget section */

/* Begin PBXProject section */
		04F3DE1327134B1D0084AB61 /* Project object */ = {
			isa = PBXProject;
			attributes = {
				LastSwiftUpdateCheck = 1230;
				LastUpgradeCheck = 1230;
				TargetAttributes = {
					04F3DE1A27134B1D0084AB61 = {
						CreatedOnToolsVersion = 12.3;
					};
				};
			};
			buildConfigurationList = 04F3DE1627134B1D0084AB61 /* Build configuration list for PBXProject "Task02" */;
			compatibilityVersion = "Xcode 9.3";
			developmentRegion = en;
			hasScannedForEncodings = 0;
			knownRegions = (
				en,
				Base,
			);
			mainGroup = 04F3DE1227134B1D0084AB61;
			productRefGroup = 04F3DE1C27134B1D0084AB61 /* Products */;
			projectDirPath = "";
			projectRoot = "";
			targets = (
				04F3DE1A27134B1D0084AB61 /* Task02 */,
			);
		};
/* End PBXProject section */

/* Begin PBXResourcesBuildPhase section */
		04F3DE1927134B1D0084AB61 /* Resources */ = {
			isa = PBXResourcesBuildPhase;
			buildActionMask = 2147483647;
			files = (
				04F3DE2627134B1E0084AB61 /* Preview Assets.xcassets in Resources */,
				04F3DE522713737F0084AB61 /* dtmf_1.mp3 in Resources */,
				04F3DE2327134B1E0084AB61 /* Assets.xcassets in Resources */,
			);
			runOnlyForDeploymentPostprocessing = 0;
		};
/* End PBXResourcesBuildPhase section */

/* Begin PBXSourcesBuildPhase section */
		04F3DE1727134B1D0084AB61 /* Sources */ = {
			isa = PBXSourcesBuildPhase;
			buildActionMask = 2147483647;
			files = (
				04F3DE56271376070084AB61 /* PlayerViewModel.swift in Sources */,
				04F3DE2127134B1D0084AB61 /* ContentView.swift in Sources */,
				04F3DE1F27134B1D0084AB61 /* Task02App.swift in Sources */,
				04F3DE75271380860084AB61 /* HoverButton.swift in Sources */,
				04F3DE4527136FCC0084AB61 /* ButtonRow.swift in Sources */,
				04F3DE79271381600084AB61 /* Constants.swift in Sources */,
			);
			runOnlyForDeploymentPostprocessing = 0;
		};
/* End PBXSourcesBuildPhase section */

/* Begin XCBuildConfiguration section */
		04F3DE2827134B1E0084AB61 /* Debug */ = {
			isa = XCBuildConfiguration;
			buildSettings = {
				ALWAYS_SEARCH_USER_PATHS = NO;
				CLANG_ANALYZER_NONNULL = YES;
				CLANG_ANALYZER_NUMBER_OBJECT_CONVERSION = YES_AGGRESSIVE;
				CLANG_CXX_LANGUAGE_STANDARD = "gnu++14";
				CLANG_CXX_LIBRARY = "libc++";
				CLANG_ENABLE_MODULES = YES;
				CLANG_ENABLE_OBJC_ARC = YES;
				CLANG_ENABLE_OBJC_WEAK = YES;
				CLANG_WARN_BLOCK_CAPTURE_AUTORELEASING = YES;
				CLANG_WARN_BOOL_CONVERSION = YES;
				CLANG_WARN_COMMA = YES;
				CLANG_WARN_CONSTANT_CONVERSION = YES;
				CLANG_WARN_DEPRECATED_OBJC_IMPLEMENTATIONS = YES;
				CLANG_WARN_DIRECT_OBJC_ISA_USAGE = YES_ERROR;
				CLANG_WARN_DOCUMENTATION_COMMENTS = YES;
				CLANG_WARN_EMPTY_BODY = YES;
				CLANG_WARN_ENUM_CONVERSION = YES;
				CLANG_WARN_INFINITE_RECURSION = YES;
				CLANG_WARN_INT_CONVERSION = YES;
				CLANG_WARN_NON_LITERAL_NULL_CONVERSION = YES;
				CLANG_WARN_OBJC_IMPLICIT_RETAIN_SELF = YES;
				CLANG_WARN_OBJC_LITERAL_CONVERSION = YES;
				CLANG_WARN_OBJC_ROOT_CLASS = YES_ERROR;
				CLANG_WARN_QUOTED_INCLUDE_IN_FRAMEWORK_HEADER = YES;
				CLANG_WARN_RANGE_LOOP_ANALYSIS = YES;
				CLANG_WARN_STRICT_PROTOTYPES = YES;
				CLANG_WARN_SUSPICIOUS_MOVE = YES;
				CLANG_WARN_UNGUARDED_AVAILABILITY = YES_AGGRESSIVE;
				CLANG_WARN_UNREACHABLE_CODE = YES;
				CLANG_WARN__DUPLICATE_METHOD_MATCH = YES;
				COPY_PHASE_STRIP = NO;
				DEBUG_INFORMATION_FORMAT = dwarf;
				ENABLE_STRICT_OBJC_MSGSEND = YES;
				ENABLE_TESTABILITY = YES;
				GCC_C_LANGUAGE_STANDARD = gnu11;
				GCC_DYNAMIC_NO_PIC = NO;
				GCC_NO_COMMON_BLOCKS = YES;
				GCC_OPTIMIZATION_LEVEL = 0;
				GCC_PREPROCESSOR_DEFINITIONS = (
					"DEBUG=1",
					"$(inherited)",
				);
				GCC_WARN_64_TO_32_BIT_CONVERSION = YES;
				GCC_WARN_ABOUT_RETURN_TYPE = YES_ERROR;
				GCC_WARN_UNDECLARED_SELECTOR = YES;
				GCC_WARN_UNINITIALIZED_AUTOS = YES_AGGRESSIVE;
				GCC_WARN_UNUSED_FUNCTION = YES;
				GCC_WARN_UNUSED_VARIABLE = YES;
				IPHONEOS_DEPLOYMENT_TARGET = 14.3;
				MTL_ENABLE_DEBUG_INFO = INCLUDE_SOURCE;
				MTL_FAST_MATH = YES;
				ONLY_ACTIVE_ARCH = YES;
				SDKROOT = iphoneos;
				SWIFT_ACTIVE_COMPILATION_CONDITIONS = DEBUG;
				SWIFT_OPTIMIZATION_LEVEL = "-Onone";
			};
			name = Debug;
		};
		04F3DE2927134B1E0084AB61 /* Release */ = {
			isa = XCBuildConfiguration;
			buildSettings = {
				ALWAYS_SEARCH_USER_PATHS = NO;
				CLANG_ANALYZER_NONNULL = YES;
				CLANG_ANALYZER_NUMBER_OBJECT_CONVERSION = YES_AGGRESSIVE;
				CLANG_CXX_LANGUAGE_STANDARD = "gnu++14";
				CLANG_CXX_LIBRARY = "libc++";
				CLANG_ENABLE_MODULES = YES;
				CLANG_ENABLE_OBJC_ARC = YES;
				CLANG_ENABLE_OBJC_WEAK = YES;
				CLANG_WARN_BLOCK_CAPTURE_AUTORELEASING = YES;
				CLANG_WARN_BOOL_CONVERSION = YES;
				CLANG_WARN_COMMA = YES;
				CLANG_WARN_CONSTANT_CONVERSION = YES;
				CLANG_WARN_DEPRECATED_OBJC_IMPLEMENTATIONS = YES;
				CLANG_WARN_DIRECT_OBJC_ISA_USAGE = YES_ERROR;
				CLANG_WARN_DOCUMENTATION_COMMENTS = YES;
				CLANG_WARN_EMPTY_BODY = YES;
				CLANG_WARN_ENUM_CONVERSION = YES;
				CLANG_WARN_INFINITE_RECURSION = YES;
				CLANG_WARN_INT_CONVERSION = YES;
				CLANG_WARN_NON_LITERAL_NULL_CONVERSION = YES;
				CLANG_WARN_OBJC_IMPLICIT_RETAIN_SELF = YES;
				CLANG_WARN_OBJC_LITERAL_CONVERSION = YES;
				CLANG_WARN_OBJC_ROOT_CLASS = YES_ERROR;
				CLANG_WARN_QUOTED_INCLUDE_IN_FRAMEWORK_HEADER = YES;
				CLANG_WARN_RANGE_LOOP_ANALYSIS = YES;
				CLANG_WARN_STRICT_PROTOTYPES = YES;
				CLANG_WARN_SUSPICIOUS_MOVE = YES;
				CLANG_WARN_UNGUARDED_AVAILABILITY = YES_AGGRESSIVE;
				CLANG_WARN_UNREACHABLE_CODE = YES;
				CLANG_WARN__DUPLICATE_METHOD_MATCH = YES;
				COPY_PHASE_STRIP = NO;
				DEBUG_INFORMATION_FORMAT = "dwarf-with-dsym";
				ENABLE_NS_ASSERTIONS = NO;
				ENABLE_STRICT_OBJC_MSGSEND = YES;
				GCC_C_LANGUAGE_STANDARD = gnu11;
				GCC_NO_COMMON_BLOCKS = YES;
				GCC_WARN_64_TO_32_BIT_CONVERSION = YES;
				GCC_WARN_ABOUT_RETURN_TYPE = YES_ERROR;
				GCC_WARN_UNDECLARED_SELECTOR = YES;
				GCC_WARN_UNINITIALIZED_AUTOS = YES_AGGRESSIVE;
				GCC_WARN_UNUSED_FUNCTION = YES;
				GCC_WARN_UNUSED_VARIABLE = YES;
				IPHONEOS_DEPLOYMENT_TARGET = 14.3;
				MTL_ENABLE_DEBUG_INFO = NO;
				MTL_FAST_MATH = YES;
				SDKROOT = iphoneos;
				SWIFT_COMPILATION_MODE = wholemodule;
				SWIFT_OPTIMIZATION_LEVEL = "-O";
				VALIDATE_PRODUCT = YES;
			};
			name = Release;
		};
		04F3DE2B27134B1E0084AB61 /* Debug */ = {
			isa = XCBuildConfiguration;
			buildSettings = {
				ASSETCATALOG_COMPILER_APPICON_NAME = AppIcon;
				ASSETCATALOG_COMPILER_GLOBAL_ACCENT_COLOR_NAME = AccentColor;
				CODE_SIGN_STYLE = Automatic;
				DEVELOPMENT_ASSET_PATHS = "\"Task02/Preview Content\"";
				DEVELOPMENT_TEAM = D3F6RWD56C;
				ENABLE_PREVIEWS = YES;
				INFOPLIST_FILE = Task02/Info.plist;
				IPHONEOS_DEPLOYMENT_TARGET = 14.3;
				LD_RUNPATH_SEARCH_PATHS = (
					"$(inherited)",
					"@executable_path/Frameworks",
				);
				PRODUCT_BUNDLE_IDENTIFIER = com.sample.demo.Task02;
				PRODUCT_NAME = "$(TARGET_NAME)";
				SWIFT_VERSION = 5.0;
				TARGETED_DEVICE_FAMILY = 1;
			};
			name = Debug;
		};
		04F3DE2C27134B1E0084AB61 /* Release */ = {
			isa = XCBuildConfiguration;
			buildSettings = {
				ASSETCATALOG_COMPILER_APPICON_NAME = AppIcon;
				ASSETCATALOG_COMPILER_GLOBAL_ACCENT_COLOR_NAME = AccentColor;
				CODE_SIGN_STYLE = Automatic;
				DEVELOPMENT_ASSET_PATHS = "\"Task02/Preview Content\"";
				DEVELOPMENT_TEAM = D3F6RWD56C;
				ENABLE_PREVIEWS = YES;
				INFOPLIST_FILE = Task02/Info.plist;
				IPHONEOS_DEPLOYMENT_TARGET = 14.3;
				LD_RUNPATH_SEARCH_PATHS = (
					"$(inherited)",
					"@executable_path/Frameworks",
				);
				PRODUCT_BUNDLE_IDENTIFIER = com.sample.demo.Task02;
				PRODUCT_NAME = "$(TARGET_NAME)";
				SWIFT_VERSION = 5.0;
				TARGETED_DEVICE_FAMILY = 1;
			};
			name = Release;
		};
/* End XCBuildConfiguration section */

/* Begin XCConfigurationList section */
		04F3DE1627134B1D0084AB61 /* Build configuration list for PBXProject "Task02" */ = {
			isa = XCConfigurationList;
			buildConfigurations = (
				04F3DE2827134B1E0084AB61 /* Debug */,
				04F3DE2927134B1E0084AB61 /* Release */,
			);
			defaultConfigurationIsVisible = 0;
			defaultConfigurationName = Release;
		};
		04F3DE2A27134B1E0084AB61 /* Build configuration list for PBXNativeTarget "Task02" */ = {
			isa = XCConfigurationList;
			buildConfigurations = (
				04F3DE2B27134B1E0084AB61 /* Debug */,
				04F3DE2C27134B1E0084AB61 /* Release */,
			);
			defaultConfigurationIsVisible = 0;
			defaultConfigurationName = Release;
		};
/* End XCConfigurationList section */
	};
	rootObject = 04F3DE1327134B1D0084AB61 /* Project object */;
}
